PODS:
  - Alamofire (3.3.1)
  - Kingfisher (2.3.1)
  - Moya (6.4.0):
    - Moya/Core (= 6.4.0)
  - Moya-ObjectMapper/Core (1.2):
    - Moya (~> 6.3)
    - ObjectMapper (~> 1.2)
  - Moya-ObjectMapper/RxSwift (1.2):
    - Moya-ObjectMapper/Core
    - Moya/RxSwift (~> 6.3)
    - RxSwift (~> 2.2)
  - Moya/Core (6.4.0):
    - Alamofire (~> 3.0)
    - Result (~> 2.0)
  - Moya/RxSwift (6.4.0):
    - Moya/Core
    - RxSwift (~> 2.0)
  - Nimble (4.0.1)
  - NSObject+Rx (1.2.1):
    - RxSwift (~> 2.1)
  - ObjectMapper (1.2.0)
  - Quick (0.9.2)
  - Result (2.0.0)
  - RxCocoa (2.4):
    - RxSwift (~> 2.4)
  - RxSwift (2.4)

DEPENDENCIES:
  - Kingfisher
  - Moya-ObjectMapper/RxSwift
  - Moya/RxSwift
  - Nimble
  - NSObject+Rx
  - ObjectMapper
  - Quick
  - RxCocoa
  - RxSwift

SPEC CHECKSUMS:
  Alamofire: 369bc67b6f5ac33ded3648d7bd21c5bfb91c2ecc
  Kingfisher: 6d3fbada4829cbc7b89e883e8218c28afeb64e42
  Moya: 4d526954c8afd79820991393d40d7d8af756ceee
  Moya-ObjectMapper: 565c1e9e1e79bdf72e18fa8fa01a0741d042fa34
  Nimble: 0f3c8b8b084cda391209c3c5efbb48bedeeb920a
  NSObject+Rx: 5d032a7f161602dec6b82dcf12731e91ce15b8da
  ObjectMapper: b1e9c7c8a9f6400b72690c80072c131504caa66f
  Quick: 18d057bc66451eedd5d1c8dc99ba2a5db6e60226
  Result: 9e75e1111c774c6ac594e14907b15057053a7959
  RxCocoa: 7d6cd877de99f5640306b3d6cf87f580c1d91b61
  RxSwift: 67b9ef4e8b34fb394e200e754c6a09cc16559f94

PODFILE CHECKSUM: e0fb4d65a779fd54a0d0a762ec4456253088f5e0

COCOAPODS: 1.0.0.beta.8
